
Microsoft Visual Studio Solution File, Format Version 12.00
# Visual Studio Version 17
VisualStudioVersion = 17.2.32630.192
MinimumVisualStudioVersion = 10.0.40219.1
Project("{FAE04EC0-301F-11D3-BF4B-00C04F79EFBC}") = "1006", "1006.csproj", "{C20DCD35-C966-40AE-ADDC-5722B581F055}"
EndProject
Global
	GlobalSection(SolutionConfigurationPlatforms) = preSolution
		Debug|Any CPU = Debug|Any CPU
		Release|Any CPU = Release|Any CPU
	EndGlobalSection
	GlobalSection(ProjectConfigurationPlatforms) = postSolution
		{C20DCD35-C966-40AE-ADDC-5722B581F055}.Debug|Any CPU.ActiveCfg = Debug|Any CPU
		{C20DCD35-C966-40AE-ADDC-5722B581F055}.Debug|Any CPU.Build.0 = Debug|Any CPU
		{C20DCD35-C966-40AE-ADDC-5722B581F055}.Release|Any CPU.ActiveCfg = Release|Any CPU
		{C20DCD35-C966-40AE-ADDC-5722B581F055}.Release|Any CPU.Build.0 = Release|Any CPU
	EndGlobalSection
	GlobalSection(SolutionProperties) = preSolution
		HideSolutionNode = FALSE
	EndGlobalSection
	GlobalSection(ExtensibilityGlobals) = postSolution
		SolutionGuid = {8D38A053-F3DA-40EE-BACF-31140ABF9EC2}
	EndGlobalSection
EndGlobal
