
Microsoft Visual Studio Solution File, Format Version 12.00
# Visual Studio Version 17
VisualStudioVersion = 17.2.32630.192
MinimumVisualStudioVersion = 10.0.40219.1
Project("{FAE04EC0-301F-11D3-BF4B-00C04F79EFBC}") = "1013", "1013.csproj", "{19B8B0F4-A3B5-4FD7-8664-9EFEFD1E6BED}"
EndProject
Global
	GlobalSection(SolutionConfigurationPlatforms) = preSolution
		Debug|Any CPU = Debug|Any CPU
		Release|Any CPU = Release|Any CPU
	EndGlobalSection
	GlobalSection(ProjectConfigurationPlatforms) = postSolution
		{19B8B0F4-A3B5-4FD7-8664-9EFEFD1E6BED}.Debug|Any CPU.ActiveCfg = Debug|Any CPU
		{19B8B0F4-A3B5-4FD7-8664-9EFEFD1E6BED}.Debug|Any CPU.Build.0 = Debug|Any CPU
		{19B8B0F4-A3B5-4FD7-8664-9EFEFD1E6BED}.Release|Any CPU.ActiveCfg = Release|Any CPU
		{19B8B0F4-A3B5-4FD7-8664-9EFEFD1E6BED}.Release|Any CPU.Build.0 = Release|Any CPU
	EndGlobalSection
	GlobalSection(SolutionProperties) = preSolution
		HideSolutionNode = FALSE
	EndGlobalSection
	GlobalSection(ExtensibilityGlobals) = postSolution
		SolutionGuid = {086B9C93-28D2-4C3C-916F-011DB6860543}
	EndGlobalSection
EndGlobal
