
Microsoft Visual Studio Solution File, Format Version 12.00
# Visual Studio Version 17
VisualStudioVersion = 17.2.32630.192
MinimumVisualStudioVersion = 10.0.40219.1
Project("{FAE04EC0-301F-11D3-BF4B-00C04F79EFBC}") = "1000", "1000.csproj", "{E77402B7-C94C-44D1-8880-F157B2B20521}"
EndProject
Global
	GlobalSection(SolutionConfigurationPlatforms) = preSolution
		Debug|Any CPU = Debug|Any CPU
		Release|Any CPU = Release|Any CPU
	EndGlobalSection
	GlobalSection(ProjectConfigurationPlatforms) = postSolution
		{E77402B7-C94C-44D1-8880-F157B2B20521}.Debug|Any CPU.ActiveCfg = Debug|Any CPU
		{E77402B7-C94C-44D1-8880-F157B2B20521}.Debug|Any CPU.Build.0 = Debug|Any CPU
		{E77402B7-C94C-44D1-8880-F157B2B20521}.Release|Any CPU.ActiveCfg = Release|Any CPU
		{E77402B7-C94C-44D1-8880-F157B2B20521}.Release|Any CPU.Build.0 = Release|Any CPU
	EndGlobalSection
	GlobalSection(SolutionProperties) = preSolution
		HideSolutionNode = FALSE
	EndGlobalSection
	GlobalSection(ExtensibilityGlobals) = postSolution
		SolutionGuid = {CBA2D26C-2FBF-4C71-A138-360D5E8B287A}
	EndGlobalSection
EndGlobal
