
Microsoft Visual Studio Solution File, Format Version 12.00
# Visual Studio Version 17
VisualStudioVersion = 17.2.32630.192
MinimumVisualStudioVersion = 10.0.40219.1
Project("{FAE04EC0-301F-11D3-BF4B-00C04F79EFBC}") = "1007", "1007.csproj", "{0D424C88-D824-4F73-A901-C440B6DAC0EA}"
EndProject
Global
	GlobalSection(SolutionConfigurationPlatforms) = preSolution
		Debug|Any CPU = Debug|Any CPU
		Release|Any CPU = Release|Any CPU
	EndGlobalSection
	GlobalSection(ProjectConfigurationPlatforms) = postSolution
		{0D424C88-D824-4F73-A901-C440B6DAC0EA}.Debug|Any CPU.ActiveCfg = Debug|Any CPU
		{0D424C88-D824-4F73-A901-C440B6DAC0EA}.Debug|Any CPU.Build.0 = Debug|Any CPU
		{0D424C88-D824-4F73-A901-C440B6DAC0EA}.Release|Any CPU.ActiveCfg = Release|Any CPU
		{0D424C88-D824-4F73-A901-C440B6DAC0EA}.Release|Any CPU.Build.0 = Release|Any CPU
	EndGlobalSection
	GlobalSection(SolutionProperties) = preSolution
		HideSolutionNode = FALSE
	EndGlobalSection
	GlobalSection(ExtensibilityGlobals) = postSolution
		SolutionGuid = {521E41FE-3241-4BFD-BE5B-688CF1FE4E3E}
	EndGlobalSection
EndGlobal
