
Microsoft Visual Studio Solution File, Format Version 12.00
# Visual Studio Version 17
VisualStudioVersion = 17.2.32630.192
MinimumVisualStudioVersion = 10.0.40219.1
Project("{FAE04EC0-301F-11D3-BF4B-00C04F79EFBC}") = "1014", "1014.csproj", "{9EAD08BD-978B-49D4-A4FD-FD9D4441D79F}"
EndProject
Global
	GlobalSection(SolutionConfigurationPlatforms) = preSolution
		Debug|Any CPU = Debug|Any CPU
		Release|Any CPU = Release|Any CPU
	EndGlobalSection
	GlobalSection(ProjectConfigurationPlatforms) = postSolution
		{9EAD08BD-978B-49D4-A4FD-FD9D4441D79F}.Debug|Any CPU.ActiveCfg = Debug|Any CPU
		{9EAD08BD-978B-49D4-A4FD-FD9D4441D79F}.Debug|Any CPU.Build.0 = Debug|Any CPU
		{9EAD08BD-978B-49D4-A4FD-FD9D4441D79F}.Release|Any CPU.ActiveCfg = Release|Any CPU
		{9EAD08BD-978B-49D4-A4FD-FD9D4441D79F}.Release|Any CPU.Build.0 = Release|Any CPU
	EndGlobalSection
	GlobalSection(SolutionProperties) = preSolution
		HideSolutionNode = FALSE
	EndGlobalSection
	GlobalSection(ExtensibilityGlobals) = postSolution
		SolutionGuid = {2BF2924D-0EE6-425E-8570-A5D69521D8CA}
	EndGlobalSection
EndGlobal
